Microsoft Visual Studio Solution File, Format Version 12.00
# Visual Studio Version 16
VisualStudioVersion = 16.0.0.0
MinimumVisualStudioVersion = 16.0.0.0
Project("{9A19103F-16F7-4668-BE54-9A1E7A4F7556}") = "BlazorApp3", "BlazorApp3\BlazorApp3.csproj", "{8B5FBBD1-618E-4418-9987-5797AF7081CD}"
EndProject
Project("{9A19103F-16F7-4668-BE54-9A1E7A4F7556}") = "BlazorApp3.Client", "BlazorApp3.Client\BlazorApp3.Client.csproj", "{065B0551-B7FD-4205-B360-C0B4E91D2E92}"
EndProject
Global
	GlobalSection(SolutionConfigurationPlatforms) = preSolution
		Debug|Any CPU = Debug|Any CPU
		Debug|x64 = Debug|x64
		Debug|x86 = Debug|x86
		Release|Any CPU = Release|Any CPU
		Release|x64 = Release|x64
		Release|x86 = Release|x86
	EndGlobalSection
	GlobalSection(ProjectConfigurationPlatforms) = postSolution
		{065B0551-B7FD-4205-B360-C0B4E91D2E92}.Debug|Any CPU.ActiveCfg = Debug|Any CPU
		{065B0551-B7FD-4205-B360-C0B4E91D2E92}.Debug|Any CPU.Build.0 = Debug|Any CPU
		{065B0551-B7FD-4205-B360-C0B4E91D2E92}.Debug|x64.ActiveCfg = Debug|Any CPU
		{065B0551-B7FD-4205-B360-C0B4E91D2E92}.Debug|x64.Build.0 = Debug|Any CPU
		{065B0551-B7FD-4205-B360-C0B4E91D2E92}.Debug|x86.ActiveCfg = Debug|Any CPU
		{065B0551-B7FD-4205-B360-C0B4E91D2E92}.Debug|x86.Build.0 = Debug|Any CPU
		{065B0551-B7FD-4205-B360-C0B4E91D2E92}.Release|Any CPU.ActiveCfg = Release|Any CPU
		{065B0551-B7FD-4205-B360-C0B4E91D2E92}.Release|Any CPU.Build.0 = Release|Any CPU
		{065B0551-B7FD-4205-B360-C0B4E91D2E92}.Release|x64.ActiveCfg = Release|Any CPU
		{065B0551-B7FD-4205-B360-C0B4E91D2E92}.Release|x64.Build.0 = Release|Any CPU
		{065B0551-B7FD-4205-B360-C0B4E91D2E92}.Release|x86.ActiveCfg = Release|Any CPU
		{065B0551-B7FD-4205-B360-C0B4E91D2E92}.Release|x86.Build.0 = Release|Any CPU
		{8B5FBBD1-618E-4418-9987-5797AF7081CD}.Debug|Any CPU.ActiveCfg = Debug|Any CPU
		{8B5FBBD1-618E-4418-9987-5797AF7081CD}.Debug|Any CPU.Build.0 = Debug|Any CPU
		{8B5FBBD1-618E-4418-9987-5797AF7081CD}.Debug|x64.ActiveCfg = Debug|Any CPU
		{8B5FBBD1-618E-4418-9987-5797AF7081CD}.Debug|x64.Build.0 = Debug|Any CPU
		{8B5FBBD1-618E-4418-9987-5797AF7081CD}.Debug|x86.ActiveCfg = Debug|Any CPU
		{8B5FBBD1-618E-4418-9987-5797AF7081CD}.Debug|x86.Build.0 = Debug|Any CPU
		{8B5FBBD1-618E-4418-9987-5797AF7081CD}.Release|Any CPU.ActiveCfg = Release|Any CPU
		{8B5FBBD1-618E-4418-9987-5797AF7081CD}.Release|Any CPU.Build.0 = Release|Any CPU
		{8B5FBBD1-618E-4418-9987-5797AF7081CD}.Release|x64.ActiveCfg = Release|Any CPU
		{8B5FBBD1-618E-4418-9987-5797AF7081CD}.Release|x64.Build.0 = Release|Any CPU
		{8B5FBBD1-618E-4418-9987-5797AF7081CD}.Release|x86.ActiveCfg = Release|Any CPU
		{8B5FBBD1-618E-4418-9987-5797AF7081CD}.Release|x86.Build.0 = Release|Any CPU
	EndGlobalSection
	GlobalSection(SolutionProperties) = preSolution
		HideSolutionNode = FALSE
	EndGlobalSection
	GlobalSection(ExtensibilityGlobals) = postSolution
		SolutionGuid = {F5AE5B38-65C9-4A45-B46E-09B0F6612E65}
	EndGlobalSection
EndGlobal
